// !$*UTF8*$!
{
	archiveVersion = 1;
	classes = {
	};
	objectVersion = 50;
	objects = {

/* Begin PBXBuildFile section */
		A355757D23F1EBD800D62E2B /* AppDelegate.swift in Sources */ = {isa = PBXBuildFile; fileRef = A355757C23F1EBD800D62E2B /* AppDelegate.swift */; };
		A355757F23F1EBD800D62E2B /* ViewController.swift in Sources */ = {isa = PBXBuildFile; fileRef = A355757E23F1EBD800D62E2B /* ViewController.swift */; };
		A355758123F1EBDB00D62E2B /* Assets.xcassets in Resources */ = {isa = PBXBuildFile; fileRef = A355758023F1EBDB00D62E2B /* Assets.xcassets */; };
		A355758423F1EBDB00D62E2B /* Main.storyboard in Resources */ = {isa = PBXBuildFile; fileRef = A355758223F1EBDB00D62E2B /* Main.storyboard */; };
		A355758D23F1F5A400D62E2B /* NSImage+Scale.swift in Sources */ = {isa = PBXBuildFile; fileRef = A355758C23F1F5A400D62E2B /* NSImage+Scale.swift */; };
/* End PBXBuildFile section */

/* Begin PBXFileReference section */
		A355757923F1EBD800D62E2B /* Loafy.app */ = {isa = PBXFileReference; explicitFileType = wrapper.application; includeInIndex = 0; path = Loafy.app; sourceTree = BUILT_PRODUCTS_DIR; };
		A355757C23F1EBD800D62E2B /* AppDelegate.swift */ = {isa = PBXFileReference; lastKnownFileType = sourcecode.swift; path = AppDelegate.swift; sourceTree = "<group>"; };
		A355757E23F1EBD800D62E2B /* ViewController.swift */ = {isa = PBXFileReference; lastKnownFileType = sourcecode.swift; path = ViewController.swift; sourceTree = "<group>"; };
		A355758023F1EBDB00D62E2B /* Assets.xcassets */ = {isa = PBXFileReference; lastKnownFileType = folder.assetcatalog; path = Assets.xcassets; sourceTree = "<group>"; };
		A355758323F1EBDB00D62E2B /* Base */ = {isa = PBXFileReference; lastKnownFileType = file.storyboard; name = Base; path = Base.lproj/Main.storyboard; sourceTree = "<group>"; };
		A355758523F1EBDB00D62E2B /* Info.plist */ = {isa = PBXFileReference; lastKnownFileType = text.plist.xml; path = Info.plist; sourceTree = "<group>"; };
		A355758623F1EBDB00D62E2B /* Loafy.entitlements */ = {isa = PBXFileReference; lastKnownFileType = text.plist.entitlements; path = Loafy.entitlements; sourceTree = "<group>"; };
		A355758C23F1F5A400D62E2B /* NSImage+Scale.swift */ = {isa = PBXFileReference; lastKnownFileType = sourcecode.swift; path = "NSImage+Scale.swift"; sourceTree = "<group>"; };
/* End PBXFileReference section */

/* Begin PBXFrameworksBuildPhase section */
		A355757623F1EBD800D62E2B /* Frameworks */ = {
			isa = PBXFrameworksBuildPhase;
			buildActionMask = 2147483647;
			files = (
			);
			runOnlyForDeploymentPostprocessing = 0;
		};
/* End PBXFrameworksBuildPhase section */

/* Begin PBXGroup section */
		A355757023F1EBD800D62E2B = {
			isa = PBXGroup;
			children = (
				A355757B23F1EBD800D62E2B /* Loafy */,
				A355757A23F1EBD800D62E2B /* Products */,
			);
			sourceTree = "<group>";
		};
		A355757A23F1EBD800D62E2B /* Products */ = {
			isa = PBXGroup;
			children = (
				A355757923F1EBD800D62E2B /* Loafy.app */,
			);
			name = Products;
			sourceTree = "<group>";
		};
		A355757B23F1EBD800D62E2B /* Loafy */ = {
			isa = PBXGroup;
			children = (
				A355757C23F1EBD800D62E2B /* AppDelegate.swift */,
				A355757E23F1EBD800D62E2B /* ViewController.swift */,
				A355758023F1EBDB00D62E2B /* Assets.xcassets */,
				A355758223F1EBDB00D62E2B /* Main.storyboard */,
				A355758523F1EBDB00D62E2B /* Info.plist */,
				A355758623F1EBDB00D62E2B /* Loafy.entitlements */,
				A355758C23F1F5A400D62E2B /* NSImage+Scale.swift */,
			);
			path = Loafy;
			sourceTree = "<group>";
		};
/* End PBXGroup section */

/* Begin PBXNativeTarget section */
		A355757823F1EBD800D62E2B /* Loafy */ = {
			isa = PBXNativeTarget;
			buildConfigurationList = A355758923F1EBDB00D62E2B /* Build configuration list for PBXNativeTarget "Loafy" */;
			buildPhases = (
				A355757523F1EBD800D62E2B /* Sources */,
				A355757623F1EBD800D62E2B /* Frameworks */,
				A355757723F1EBD800D62E2B /* Resources */,
			);
			buildRules = (
			);
			dependencies = (
			);
			name = Loafy;
			productName = Loafy;
			productReference = A355757923F1EBD800D62E2B /* Loafy.app */;
			productType = "com.apple.product-type.application";
		};
/* End PBXNativeTarget section */

/* Begin PBXProject section */
		A355757123F1EBD800D62E2B /* Project object */ = {
			isa = PBXProject;
			attributes = {
				LastSwiftUpdateCheck = 1130;
				LastUpgradeCheck = 1130;
				ORGANIZATIONNAME = "Solden Inc.";
				TargetAttributes = {
					A355757823F1EBD800D62E2B = {
						CreatedOnToolsVersion = 11.3;
					};
				};
			};
			buildConfigurationList = A355757423F1EBD800D62E2B /* Build configuration list for PBXProject "Loafy" */;
			compatibilityVersion = "Xcode 9.3";
			developmentRegion = en;
			hasScannedForEncodings = 0;
			knownRegions = (
				en,
				Base,
			);
			mainGroup = A355757023F1EBD800D62E2B;
			productRefGroup = A355757A23F1EBD800D62E2B /* Products */;
			projectDirPath = "";
			projectRoot = "";
			targets = (
				A355757823F1EBD800D62E2B /* Loafy */,
			);
		};
/* End PBXProject section */

/* Begin PBXResourcesBuildPhase section */
		A355757723F1EBD800D62E2B /* Resources */ = {
			isa = PBXResourcesBuildPhase;
			buildActionMask = 2147483647;
			files = (
				A355758123F1EBDB00D62E2B /* Assets.xcassets in Resources */,
				A355758423F1EBDB00D62E2B /* Main.storyboard in Resources */,
			);
			runOnlyForDeploymentPostprocessing = 0;
		};
/* End PBXResourcesBuildPhase section */

/* Begin PBXSourcesBuildPhase section */
		A355757523F1EBD800D62E2B /* Sources */ = {
			isa = PBXSourcesBuildPhase;
			buildActionMask = 2147483647;
			files = (
				A355757F23F1EBD800D62E2B /* ViewController.swift in Sources */,
				A355758D23F1F5A400D62E2B /* NSImage+Scale.swift in Sources */,
				A355757D23F1EBD800D62E2B /* AppDelegate.swift in Sources */,
			);
			runOnlyForDeploymentPostprocessing = 0;
		};
/* End PBXSourcesBuildPhase section */

/* Begin PBXVariantGroup section */
		A355758223F1EBDB00D62E2B /* Main.storyboard */ = {
			isa = PBXVariantGroup;
			children = (
				A355758323F1EBDB00D62E2B /* Base */,
			);
			name = Main.storyboard;
			sourceTree = "<group>";
		};
/* End PBXVariantGroup section */

/* Begin XCBuildConfiguration section */
		A355758723F1EBDB00D62E2B /* Debug */ = {
			isa = XCBuildConfiguration;
			buildSettings = {
				ALWAYS_SEARCH_USER_PATHS = NO;
				CLANG_ANALYZER_NONNULL = YES;
				CLANG_ANALYZER_NUMBER_OBJECT_CONVERSION = YES_AGGRESSIVE;
				CLANG_CXX_LANGUAGE_STANDARD = "gnu++14";
				CLANG_CXX_LIBRARY = "libc++";
				CLANG_ENABLE_MODULES = YES;
				CLANG_ENABLE_OBJC_ARC = YES;
				CLANG_ENABLE_OBJC_WEAK = YES;
				CLANG_WARN_BLOCK_CAPTURE_AUTORELEASING = YES;
				CLANG_WARN_BOOL_CONVERSION = YES;
				CLANG_WARN_COMMA = YES;
				CLANG_WARN_CONSTANT_CONVERSION = YES;
				CLANG_WARN_DEPRECATED_OBJC_IMPLEMENTATIONS = YES;
				CLANG_WARN_DIRECT_OBJC_ISA_USAGE = YES_ERROR;
				CLANG_WARN_DOCUMENTATION_COMMENTS = YES;
				CLANG_WARN_EMPTY_BODY = YES;
				CLANG_WARN_ENUM_CONVERSION = YES;
				CLANG_WARN_INFINITE_RECURSION = YES;
				CLANG_WARN_INT_CONVERSION = YES;
				CLANG_WARN_NON_LITERAL_NULL_CONVERSION = YES;
				CLANG_WARN_OBJC_IMPLICIT_RETAIN_SELF = YES;
				CLANG_WARN_OBJC_LITERAL_CONVERSION = YES;
				CLANG_WARN_OBJC_ROOT_CLASS = YES_ERROR;
				CLANG_WARN_RANGE_LOOP_ANALYSIS = YES;
				CLANG_WARN_STRICT_PROTOTYPES = YES;
				CLANG_WARN_SUSPICIOUS_MOVE = YES;
				CLANG_WARN_UNGUARDED_AVAILABILITY = YES_AGGRESSIVE;
				CLANG_WARN_UNREACHABLE_CODE = YES;
				CLANG_WARN__DUPLICATE_METHOD_MATCH = YES;
				COPY_PHASE_STRIP = NO;
				DEBUG_INFORMATION_FORMAT = dwarf;
				ENABLE_STRICT_OBJC_MSGSEND = YES;
				ENABLE_TESTABILITY = YES;
				GCC_C_LANGUAGE_STANDARD = gnu11;
				GCC_DYNAMIC_NO_PIC = NO;
				GCC_NO_COMMON_BLOCKS = YES;
				GCC_OPTIMIZATION_LEVEL = 0;
				GCC_PREPROCESSOR_DEFINITIONS = (
					"DEBUG=1",
					"$(inherited)",
				);
				GCC_WARN_64_TO_32_BIT_CONVERSION = YES;
				GCC_WARN_ABOUT_RETURN_TYPE = YES_ERROR;
				GCC_WARN_UNDECLARED_SELECTOR = YES;
				GCC_WARN_UNINITIALIZED_AUTOS = YES_AGGRESSIVE;
				GCC_WARN_UNUSED_FUNCTION = YES;
				GCC_WARN_UNUSED_VARIABLE = YES;
				MACOSX_DEPLOYMENT_TARGET = 10.15;
				MTL_ENABLE_DEBUG_INFO = INCLUDE_SOURCE;
				MTL_FAST_MATH = YES;
				ONLY_ACTIVE_ARCH = YES;
				SDKROOT = macosx;
				SWIFT_ACTIVE_COMPILATION_CONDITIONS = DEBUG;
				SWIFT_OPTIMIZATION_LEVEL = "-Onone";
			};
			name = Debug;
		};
		A355758823F1EBDB00D62E2B /* Release */ = {
			isa = XCBuildConfiguration;
			buildSettings = {
				ALWAYS_SEARCH_USER_PATHS = NO;
				CLANG_ANALYZER_NONNULL = YES;
				CLANG_ANALYZER_NUMBER_OBJECT_CONVERSION = YES_AGGRESSIVE;
				CLANG_CXX_LANGUAGE_STANDARD = "gnu++14";
				CLANG_CXX_LIBRARY = "libc++";
				CLANG_ENABLE_MODULES = YES;
				CLANG_ENABLE_OBJC_ARC = YES;
				CLANG_ENABLE_OBJC_WEAK = YES;
				CLANG_WARN_BLOCK_CAPTURE_AUTORELEASING = YES;
				CLANG_WARN_BOOL_CONVERSION = YES;
				CLANG_WARN_COMMA = YES;
				CLANG_WARN_CONSTANT_CONVERSION = YES;
				CLANG_WARN_DEPRECATED_OBJC_IMPLEMENTATIONS = YES;
				CLANG_WARN_DIRECT_OBJC_ISA_USAGE = YES_ERROR;
				CLANG_WARN_DOCUMENTATION_COMMENTS = YES;
				CLANG_WARN_EMPTY_BODY = YES;
				CLANG_WARN_ENUM_CONVERSION = YES;
				CLANG_WARN_INFINITE_RECURSION = YES;
				CLANG_WARN_INT_CONVERSION = YES;
				CLANG_WARN_NON_LITERAL_NULL_CONVERSION = YES;
				CLANG_WARN_OBJC_IMPLICIT_RETAIN_SELF = YES;
				CLANG_WARN_OBJC_LITERAL_CONVERSION = YES;
				CLANG_WARN_OBJC_ROOT_CLASS = YES_ERROR;
				CLANG_WARN_RANGE_LOOP_ANALYSIS = YES;
				CLANG_WARN_STRICT_PROTOTYPES = YES;
				CLANG_WARN_SUSPICIOUS_MOVE = YES;
				CLANG_WARN_UNGUARDED_AVAILABILITY = YES_AGGRESSIVE;
				CLANG_WARN_UNREACHABLE_CODE = YES;
				CLANG_WARN__DUPLICATE_METHOD_MATCH = YES;
				COPY_PHASE_STRIP = NO;
				DEBUG_INFORMATION_FORMAT = "dwarf-with-dsym";
				ENABLE_NS_ASSERTIONS = NO;
				ENABLE_STRICT_OBJC_MSGSEND = YES;
				GCC_C_LANGUAGE_STANDARD = gnu11;
				GCC_NO_COMMON_BLOCKS = YES;
				GCC_WARN_64_TO_32_BIT_CONVERSION = YES;
				GCC_WARN_ABOUT_RETURN_TYPE = YES_ERROR;
				GCC_WARN_UNDECLARED_SELECTOR = YES;
				GCC_WARN_UNINITIALIZED_AUTOS = YES_AGGRESSIVE;
				GCC_WARN_UNUSED_FUNCTION = YES;
				GCC_WARN_UNUSED_VARIABLE = YES;
				MACOSX_DEPLOYMENT_TARGET = 10.15;
				MTL_ENABLE_DEBUG_INFO = NO;
				MTL_FAST_MATH = YES;
				SDKROOT = macosx;
				SWIFT_COMPILATION_MODE = wholemodule;
				SWIFT_OPTIMIZATION_LEVEL = "-O";
			};
			name = Release;
		};
		A355758A23F1EBDB00D62E2B /* Debug */ = {
			isa = XCBuildConfiguration;
			buildSettings = {
				ASSETCATALOG_COMPILER_APPICON_NAME = AppIcon;
				CODE_SIGN_ENTITLEMENTS = Loafy/Loafy.entitlements;
				CODE_SIGN_STYLE = Automatic;
				COMBINE_HIDPI_IMAGES = YES;
				DEVELOPMENT_TEAM = VWH8XY324W;
				ENABLE_HARDENED_RUNTIME = YES;
				INFOPLIST_FILE = Loafy/Info.plist;
				LD_RUNPATH_SEARCH_PATHS = (
					"$(inherited)",
					"@executable_path/../Frameworks",
				);
				MACOSX_DEPLOYMENT_TARGET = 10.10;
				PRODUCT_BUNDLE_IDENTIFIER = com.SoldenInc.Loafy;
				PRODUCT_NAME = "$(TARGET_NAME)";
				SWIFT_VERSION = 5.0;
			};
			name = Debug;
		};
		A355758B23F1EBDB00D62E2B /* Release */ = {
			isa = XCBuildConfiguration;
			buildSettings = {
				ASSETCATALOG_COMPILER_APPICON_NAME = AppIcon;
				CODE_SIGN_ENTITLEMENTS = Loafy/Loafy.entitlements;
				CODE_SIGN_STYLE = Automatic;
				COMBINE_HIDPI_IMAGES = YES;
				DEVELOPMENT_TEAM = VWH8XY324W;
				ENABLE_HARDENED_RUNTIME = YES;
				INFOPLIST_FILE = Loafy/Info.plist;
				LD_RUNPATH_SEARCH_PATHS = (
					"$(inherited)",
					"@executable_path/../Frameworks",
				);
				MACOSX_DEPLOYMENT_TARGET = 10.10;
				PRODUCT_BUNDLE_IDENTIFIER = com.SoldenInc.Loafy;
				PRODUCT_NAME = "$(TARGET_NAME)";
				SWIFT_VERSION = 5.0;
			};
			name = Release;
		};
/* End XCBuildConfiguration section */

/* Begin XCConfigurationList section */
		A355757423F1EBD800D62E2B /* Build configuration list for PBXProject "Loafy" */ = {
			isa = XCConfigurationList;
			buildConfigurations = (
				A355758723F1EBDB00D62E2B /* Debug */,
				A355758823F1EBDB00D62E2B /* Release */,
			);
			defaultConfigurationIsVisible = 0;
			defaultConfigurationName = Release;
		};
		A355758923F1EBDB00D62E2B /* Build configuration list for PBXNativeTarget "Loafy" */ = {
			isa = XCConfigurationList;
			buildConfigurations = (
				A355758A23F1EBDB00D62E2B /* Debug */,
				A355758B23F1EBDB00D62E2B /* Release */,
			);
			defaultConfigurationIsVisible = 0;
			defaultConfigurationName = Release;
		};
/* End XCConfigurationList section */
	};
	rootObject = A355757123F1EBD800D62E2B /* Project object */;
}
